
Microsoft Visual Studio Solution File, Format Version 12.00
# Visual Studio Version 17
VisualStudioVersion = 17.11.35303.130
MinimumVisualStudioVersion = 10.0.40219.1
Project("{FAE04EC0-301F-11D3-BF4B-00C04F79EFBC}") = "StoreApp", "StoreApp\StoreApp.csproj", "{821392F9-1BDE-437C-A5E8-F150A1004763}"
EndProject
Global
	GlobalSection(SolutionConfigurationPlatforms) = preSolution
		Debug|Any CPU = Debug|Any CPU
		Release|Any CPU = Release|Any CPU
	EndGlobalSection
	GlobalSection(ProjectConfigurationPlatforms) = postSolution
		{821392F9-1BDE-437C-A5E8-F150A1004763}.Debug|Any CPU.ActiveCfg = Debug|Any CPU
		{821392F9-1BDE-437C-A5E8-F150A1004763}.Debug|Any CPU.Build.0 = Debug|Any CPU
		{821392F9-1BDE-437C-A5E8-F150A1004763}.Release|Any CPU.ActiveCfg = Release|Any CPU
		{821392F9-1BDE-437C-A5E8-F150A1004763}.Release|Any CPU.Build.0 = Release|Any CPU
	EndGlobalSection
	GlobalSection(SolutionProperties) = preSolution
		HideSolutionNode = FALSE
	EndGlobalSection
	GlobalSection(ExtensibilityGlobals) = postSolution
		SolutionGuid = {02A64F1A-EC2F-49F2-9A9F-076A469AA698}
	EndGlobalSection
EndGlobal
